
Microsoft Visual Studio Solution File, Format Version 12.00
# Visual Studio Version 16
VisualStudioVersion = 16.0.29123.89
MinimumVisualStudioVersion = 10.0.40219.1
Project("{FAE04EC0-301F-11D3-BF4B-00C04F79EFBC}") = "BuffImg", "BuffImg\BuffImg.csproj", "{8E102DC0-AA88-4F2B-85E2-B645BEEB6423}"
EndProject
Global
	GlobalSection(SolutionConfigurationPlatforms) = preSolution
		Debug|Any CPU = Debug|Any CPU
		Release|Any CPU = Release|Any CPU
	EndGlobalSection
	GlobalSection(ProjectConfigurationPlatforms) = postSolution
		{8E102DC0-AA88-4F2B-85E2-B645BEEB6423}.Debug|Any CPU.ActiveCfg = Debug|Any CPU
		{8E102DC0-AA88-4F2B-85E2-B645BEEB6423}.Debug|Any CPU.Build.0 = Debug|Any CPU
		{8E102DC0-AA88-4F2B-85E2-B645BEEB6423}.Release|Any CPU.ActiveCfg = Release|Any CPU
		{8E102DC0-AA88-4F2B-85E2-B645BEEB6423}.Release|Any CPU.Build.0 = Release|Any CPU
	EndGlobalSection
	GlobalSection(SolutionProperties) = preSolution
		HideSolutionNode = FALSE
	EndGlobalSection
	GlobalSection(ExtensibilityGlobals) = postSolution
		SolutionGuid = {4D2D97ED-5CC8-44F1-AED1-F60670F8B886}
	EndGlobalSection
EndGlobal
